
Microsoft Visual Studio Solution File, Format Version 12.00
# Visual Studio 15
VisualStudioVersion = 15.0.28307.329
MinimumVisualStudioVersion = 10.0.40219.1
Project("{9A19103F-16F7-4668-BE54-9A1E7A4F7556}") = "ValveMultitool", "ValveMultitool\ValveMultitool.csproj", "{C83999F5-7F9C-4BE9-913A-5055F923B36E}"
EndProject
Project("{9A19103F-16F7-4668-BE54-9A1E7A4F7556}") = "ValveMultitool.Tests", "ValveMultitool.Tests\ValveMultitool.Tests.csproj", "{2BCCFB6B-9618-4C55-AB15-E96F4A1DEBF1}"
EndProject
Global
	GlobalSection(SolutionConfigurationPlatforms) = preSolution
		Debug|Any CPU = Debug|Any CPU
		Release|Any CPU = Release|Any CPU
	EndGlobalSection
	GlobalSection(ProjectConfigurationPlatforms) = postSolution
		{C83999F5-7F9C-4BE9-913A-5055F923B36E}.Debug|Any CPU.ActiveCfg = Debug|Any CPU
		{C83999F5-7F9C-4BE9-913A-5055F923B36E}.Debug|Any CPU.Build.0 = Debug|Any CPU
		{C83999F5-7F9C-4BE9-913A-5055F923B36E}.Release|Any CPU.ActiveCfg = Release|Any CPU
		{C83999F5-7F9C-4BE9-913A-5055F923B36E}.Release|Any CPU.Build.0 = Release|Any CPU
		{2BCCFB6B-9618-4C55-AB15-E96F4A1DEBF1}.Debug|Any CPU.ActiveCfg = Debug|Any CPU
		{2BCCFB6B-9618-4C55-AB15-E96F4A1DEBF1}.Debug|Any CPU.Build.0 = Debug|Any CPU
		{2BCCFB6B-9618-4C55-AB15-E96F4A1DEBF1}.Release|Any CPU.ActiveCfg = Release|Any CPU
		{2BCCFB6B-9618-4C55-AB15-E96F4A1DEBF1}.Release|Any CPU.Build.0 = Release|Any CPU
	EndGlobalSection
	GlobalSection(SolutionProperties) = preSolution
		HideSolutionNode = FALSE
	EndGlobalSection
	GlobalSection(ExtensibilityGlobals) = postSolution
		SolutionGuid = {EC87F70E-B7DF-4381-8523-6019D61491FD}
	EndGlobalSection
EndGlobal
